
Microsoft Visual Studio Solution File, Format Version 12.00
# Visual Studio 2013
VisualStudioVersion = 12.0.31101.0
MinimumVisualStudioVersion = 10.0.40219.1
Project("{FAE04EC0-301F-11D3-BF4B-00C04F79EFBC}") = "MarketService", "MarketService\MarketService.csproj", "{CBC91755-4360-4A54-9BDE-D44D85F70E59}"
EndProject
Project("{FAE04EC0-301F-11D3-BF4B-00C04F79EFBC}") = "MarketApplication", "MarketApplication\MarketApplication.csproj", "{BCAA1925-2E26-4F2C-8BE4-CCCEB41533AF}"
	ProjectSection(ProjectDependencies) = postProject
		{CBC91755-4360-4A54-9BDE-D44D85F70E59} = {CBC91755-4360-4A54-9BDE-D44D85F70E59}
	EndProjectSection
EndProject
Global
	GlobalSection(SolutionConfigurationPlatforms) = preSolution
		Debug|Any CPU = Debug|Any CPU
		Release|Any CPU = Release|Any CPU
	EndGlobalSection
	GlobalSection(ProjectConfigurationPlatforms) = postSolution
		{CBC91755-4360-4A54-9BDE-D44D85F70E59}.Debug|Any CPU.ActiveCfg = Debug|Any CPU
		{CBC91755-4360-4A54-9BDE-D44D85F70E59}.Debug|Any CPU.Build.0 = Debug|Any CPU
		{CBC91755-4360-4A54-9BDE-D44D85F70E59}.Release|Any CPU.ActiveCfg = Release|Any CPU
		{CBC91755-4360-4A54-9BDE-D44D85F70E59}.Release|Any CPU.Build.0 = Release|Any CPU
		{BCAA1925-2E26-4F2C-8BE4-CCCEB41533AF}.Debug|Any CPU.ActiveCfg = Debug|Any CPU
		{BCAA1925-2E26-4F2C-8BE4-CCCEB41533AF}.Debug|Any CPU.Build.0 = Debug|Any CPU
		{BCAA1925-2E26-4F2C-8BE4-CCCEB41533AF}.Release|Any CPU.ActiveCfg = Release|Any CPU
		{BCAA1925-2E26-4F2C-8BE4-CCCEB41533AF}.Release|Any CPU.Build.0 = Release|Any CPU
	EndGlobalSection
	GlobalSection(SolutionProperties) = preSolution
		HideSolutionNode = FALSE
	EndGlobalSection
EndGlobal
